
Microsoft Visual Studio Solution File, Format Version 12.00
# Visual Studio Version 17
VisualStudioVersion = 17.14.36301.6 d17.14
MinimumVisualStudioVersion = 10.0.40219.1
Project("{FAE04EC0-301F-11D3-BF4B-00C04F79EFBC}") = "Api2", "Api2.csproj", "{1EAF070A-22C3-6D10-430C-EDAE3138D859}"
EndProject
Global
	GlobalSection(SolutionConfigurationPlatforms) = preSolution
		Debug|Any CPU = Debug|Any CPU
		Release|Any CPU = Release|Any CPU
	EndGlobalSection
	GlobalSection(ProjectConfigurationPlatforms) = postSolution
		{1EAF070A-22C3-6D10-430C-EDAE3138D859}.Debug|Any CPU.ActiveCfg = Debug|Any CPU
		{1EAF070A-22C3-6D10-430C-EDAE3138D859}.Debug|Any CPU.Build.0 = Debug|Any CPU
		{1EAF070A-22C3-6D10-430C-EDAE3138D859}.Release|Any CPU.ActiveCfg = Release|Any CPU
		{1EAF070A-22C3-6D10-430C-EDAE3138D859}.Release|Any CPU.Build.0 = Release|Any CPU
	EndGlobalSection
	GlobalSection(SolutionProperties) = preSolution
		HideSolutionNode = FALSE
	EndGlobalSection
	GlobalSection(ExtensibilityGlobals) = postSolution
		SolutionGuid = {6F7A59E9-EDAF-437C-9D28-B9505C635381}
	EndGlobalSection
EndGlobal
